
Microsoft Visual Studio Solution File, Format Version 12.00
# Visual Studio Version 17
VisualStudioVersion = 17.2.32602.215
MinimumVisualStudioVersion = 10.0.40219.1
Project("{FAE04EC0-301F-11D3-BF4B-00C04F79EFBC}") = "DemoApp1", "DemoApp1\DemoApp1.csproj", "{9A9F862D-3156-4056-B18E-16CE03E6094E}"
EndProject
Global
	GlobalSection(SolutionConfigurationPlatforms) = preSolution
		Debug|Any CPU = Debug|Any CPU
		Release|Any CPU = Release|Any CPU
	EndGlobalSection
	GlobalSection(ProjectConfigurationPlatforms) = postSolution
		{9A9F862D-3156-4056-B18E-16CE03E6094E}.Debug|Any CPU.ActiveCfg = Debug|Any CPU
		{9A9F862D-3156-4056-B18E-16CE03E6094E}.Debug|Any CPU.Build.0 = Debug|Any CPU
		{9A9F862D-3156-4056-B18E-16CE03E6094E}.Release|Any CPU.ActiveCfg = Release|Any CPU
		{9A9F862D-3156-4056-B18E-16CE03E6094E}.Release|Any CPU.Build.0 = Release|Any CPU
	EndGlobalSection
	GlobalSection(SolutionProperties) = preSolution
		HideSolutionNode = FALSE
	EndGlobalSection
	GlobalSection(ExtensibilityGlobals) = postSolution
		SolutionGuid = {CFA39D72-6517-47CE-B4B4-32C83A53D642}
	EndGlobalSection
EndGlobal
