
Microsoft Visual Studio Solution File, Format Version 12.00
# Visual Studio Version 17
VisualStudioVersion = 17.2.32602.215
MinimumVisualStudioVersion = 10.0.40219.1
Project("{FAE04EC0-301F-11D3-BF4B-00C04F79EFBC}") = "SEDC.WebApi.Class06", "SEDC.WebApi.Class06\SEDC.WebApi.Class06.csproj", "{BBA80BFF-E3D3-49E9-A831-806BF855B3B2}"
EndProject
Project("{FAE04EC0-301F-11D3-BF4B-00C04F79EFBC}") = "SEDC.WebApi.Class06.Domain", "SEDC.WebApi.Class06.Domain\SEDC.WebApi.Class06.Domain.csproj", "{9AB1C065-829B-494C-8133-5DDEF59EC578}"
EndProject
Project("{FAE04EC0-301F-11D3-BF4B-00C04F79EFBC}") = "SEDC.WebApi.Class06.CodeFirst", "SEDC.WebApi.Class06.CodeFirst\SEDC.WebApi.Class06.CodeFirst.csproj", "{B44A2AAD-2B3F-4AA8-BA2F-E1AD759953A8}"
EndProject
Global
	GlobalSection(SolutionConfigurationPlatforms) = preSolution
		Debug|Any CPU = Debug|Any CPU
		Release|Any CPU = Release|Any CPU
	EndGlobalSection
	GlobalSection(ProjectConfigurationPlatforms) = postSolution
		{BBA80BFF-E3D3-49E9-A831-806BF855B3B2}.Debug|Any CPU.ActiveCfg = Debug|Any CPU
		{BBA80BFF-E3D3-49E9-A831-806BF855B3B2}.Debug|Any CPU.Build.0 = Debug|Any CPU
		{BBA80BFF-E3D3-49E9-A831-806BF855B3B2}.Release|Any CPU.ActiveCfg = Release|Any CPU
		{BBA80BFF-E3D3-49E9-A831-806BF855B3B2}.Release|Any CPU.Build.0 = Release|Any CPU
		{9AB1C065-829B-494C-8133-5DDEF59EC578}.Debug|Any CPU.ActiveCfg = Debug|Any CPU
		{9AB1C065-829B-494C-8133-5DDEF59EC578}.Debug|Any CPU.Build.0 = Debug|Any CPU
		{9AB1C065-829B-494C-8133-5DDEF59EC578}.Release|Any CPU.ActiveCfg = Release|Any CPU
		{9AB1C065-829B-494C-8133-5DDEF59EC578}.Release|Any CPU.Build.0 = Release|Any CPU
		{B44A2AAD-2B3F-4AA8-BA2F-E1AD759953A8}.Debug|Any CPU.ActiveCfg = Debug|Any CPU
		{B44A2AAD-2B3F-4AA8-BA2F-E1AD759953A8}.Debug|Any CPU.Build.0 = Debug|Any CPU
		{B44A2AAD-2B3F-4AA8-BA2F-E1AD759953A8}.Release|Any CPU.ActiveCfg = Release|Any CPU
		{B44A2AAD-2B3F-4AA8-BA2F-E1AD759953A8}.Release|Any CPU.Build.0 = Release|Any CPU
	EndGlobalSection
	GlobalSection(SolutionProperties) = preSolution
		HideSolutionNode = FALSE
	EndGlobalSection
	GlobalSection(ExtensibilityGlobals) = postSolution
		SolutionGuid = {54D799D8-4C8B-44AF-A8C9-0131693655C3}
	EndGlobalSection
EndGlobal
