
Microsoft Visual Studio Solution File, Format Version 12.00
# Visual Studio Version 17
VisualStudioVersion = 17.2.32602.215
MinimumVisualStudioVersion = 10.0.40219.1
Project("{FAE04EC0-301F-11D3-BF4B-00C04F79EFBC}") = "SEDC.WebApi.Class08.aAdonet", "SEDC.WebApi.Class08.aAdonet\SEDC.WebApi.Class08.aAdonet.csproj", "{91A4EDCC-A61D-4AD6-B088-0FFFACC1CCFA}"
EndProject
Global
	GlobalSection(SolutionConfigurationPlatforms) = preSolution
		Debug|Any CPU = Debug|Any CPU
		Release|Any CPU = Release|Any CPU
	EndGlobalSection
	GlobalSection(ProjectConfigurationPlatforms) = postSolution
		{91A4EDCC-A61D-4AD6-B088-0FFFACC1CCFA}.Debug|Any CPU.ActiveCfg = Debug|Any CPU
		{91A4EDCC-A61D-4AD6-B088-0FFFACC1CCFA}.Debug|Any CPU.Build.0 = Debug|Any CPU
		{91A4EDCC-A61D-4AD6-B088-0FFFACC1CCFA}.Release|Any CPU.ActiveCfg = Release|Any CPU
		{91A4EDCC-A61D-4AD6-B088-0FFFACC1CCFA}.Release|Any CPU.Build.0 = Release|Any CPU
	EndGlobalSection
	GlobalSection(SolutionProperties) = preSolution
		HideSolutionNode = FALSE
	EndGlobalSection
	GlobalSection(ExtensibilityGlobals) = postSolution
		SolutionGuid = {FB5B866D-CC6F-4ECE-98F3-3DFCD89D696A}
	EndGlobalSection
EndGlobal
