
Microsoft Visual Studio Solution File, Format Version 12.00
# Visual Studio Version 17
VisualStudioVersion = 17.2.32602.215
MinimumVisualStudioVersion = 10.0.40219.1
Project("{FAE04EC0-301F-11D3-BF4B-00C04F79EFBC}") = "SEDC.WEBApi.Class02.App", "SEDC.WEBApi.Class02.App\SEDC.WEBApi.Class02.App.csproj", "{17C3C6D0-3D1B-453B-8795-1F7ED6EE369C}"
EndProject
Global
	GlobalSection(SolutionConfigurationPlatforms) = preSolution
		Debug|Any CPU = Debug|Any CPU
		Release|Any CPU = Release|Any CPU
	EndGlobalSection
	GlobalSection(ProjectConfigurationPlatforms) = postSolution
		{17C3C6D0-3D1B-453B-8795-1F7ED6EE369C}.Debug|Any CPU.ActiveCfg = Debug|Any CPU
		{17C3C6D0-3D1B-453B-8795-1F7ED6EE369C}.Debug|Any CPU.Build.0 = Debug|Any CPU
		{17C3C6D0-3D1B-453B-8795-1F7ED6EE369C}.Release|Any CPU.ActiveCfg = Release|Any CPU
		{17C3C6D0-3D1B-453B-8795-1F7ED6EE369C}.Release|Any CPU.Build.0 = Release|Any CPU
	EndGlobalSection
	GlobalSection(SolutionProperties) = preSolution
		HideSolutionNode = FALSE
	EndGlobalSection
	GlobalSection(ExtensibilityGlobals) = postSolution
		SolutionGuid = {63330427-9D72-4823-9A46-B437A5175008}
	EndGlobalSection
EndGlobal
